
Microsoft Visual Studio Solution File, Format Version 12.00
# Visual Studio Version 17
VisualStudioVersion = 17.12.35527.113
MinimumVisualStudioVersion = 10.0.40219.1
Project("{FAE04EC0-301F-11D3-BF4B-00C04F79EFBC}") = "IMDB_final_Project", "IMDB_final_Project.csproj", "{7522CC82-DF39-447D-96CD-4E9DBED84807}"
EndProject
Project("{FAE04EC0-301F-11D3-BF4B-00C04F79EFBC}") = "IMDB_final_Project.Test", "..\IMDB_final_Project.Test\IMDB_final_Project.Test.csproj", "{A951A0D2-4446-4B62-9CD8-9C81CBD70673}"
EndProject
Project("{54435603-DBB4-11D2-8724-00A0C9A8B90C}") = "IMDB_Setup", "..\IMDB_Setup\IMDB_Setup.vdproj", "{7F6A754B-A11E-41FA-AF73-28A6E5D66E18}"
EndProject
Global
	GlobalSection(SolutionConfigurationPlatforms) = preSolution
		Debug|Any CPU = Debug|Any CPU
		Release|Any CPU = Release|Any CPU
	EndGlobalSection
	GlobalSection(ProjectConfigurationPlatforms) = postSolution
		{7522CC82-DF39-447D-96CD-4E9DBED84807}.Debug|Any CPU.ActiveCfg = Debug|Any CPU
		{7522CC82-DF39-447D-96CD-4E9DBED84807}.Debug|Any CPU.Build.0 = Debug|Any CPU
		{7522CC82-DF39-447D-96CD-4E9DBED84807}.Release|Any CPU.ActiveCfg = Release|Any CPU
		{7522CC82-DF39-447D-96CD-4E9DBED84807}.Release|Any CPU.Build.0 = Release|Any CPU
		{A951A0D2-4446-4B62-9CD8-9C81CBD70673}.Debug|Any CPU.ActiveCfg = Debug|Any CPU
		{A951A0D2-4446-4B62-9CD8-9C81CBD70673}.Debug|Any CPU.Build.0 = Debug|Any CPU
		{A951A0D2-4446-4B62-9CD8-9C81CBD70673}.Release|Any CPU.ActiveCfg = Release|Any CPU
		{A951A0D2-4446-4B62-9CD8-9C81CBD70673}.Release|Any CPU.Build.0 = Release|Any CPU
		{7F6A754B-A11E-41FA-AF73-28A6E5D66E18}.Debug|Any CPU.ActiveCfg = Debug
		{7F6A754B-A11E-41FA-AF73-28A6E5D66E18}.Release|Any CPU.ActiveCfg = Release
	EndGlobalSection
	GlobalSection(SolutionProperties) = preSolution
		HideSolutionNode = FALSE
	EndGlobalSection
EndGlobal
